{
  "name": "the-will",
  "version": "0.1.0",
  "lockfileVersion": 1,
  "requires": true,
  "dependencies": {
    "fortmatic": {
      "version": "0.3.2",
      "resolved": "https://registry.npmjs.org/fortmatic/-/fortmatic-0.3.2.tgz",
      "integrity": "sha512-nu4hRjIdv1pLvTlMCdNNxKJ3AaT1IhpFfcreGh0cfnYmKZpbK8grPg54pgyxkppb7Xvav9Zx/4N7mN/ZWxkHNQ=="
    }
  }
}
